
Microsoft Visual Studio Solution File, Format Version 12.00
# Visual Studio Version 17
VisualStudioVersion = 17.5.002.0
MinimumVisualStudioVersion = 10.0.40219.1
Project("{9A19103F-16F7-4668-BE54-9A1E7A4F7556}") = "tests", "tests\tests.csproj", "{E9E7C846-4130-498B-8D95-C1DA2F9FDA0C}"
EndProject
Project("{9A19103F-16F7-4668-BE54-9A1E7A4F7556}") = "EstruturaDeDados", "EstruturaDeDados\EstruturaDeDados.csproj", "{2DB8E16B-4EAA-45E1-9C99-38BCB95170C3}"
EndProject
Project("{9A19103F-16F7-4668-BE54-9A1E7A4F7556}") = "Algoritmos", "Algoritmos\Algoritmos.csproj", "{DC7FBD12-2424-46C5-8891-D40CCA1A69A0}"
EndProject
Global
	GlobalSection(SolutionConfigurationPlatforms) = preSolution
		Debug|Any CPU = Debug|Any CPU
		Release|Any CPU = Release|Any CPU
	EndGlobalSection
	GlobalSection(ProjectConfigurationPlatforms) = postSolution
		{E9E7C846-4130-498B-8D95-C1DA2F9FDA0C}.Debug|Any CPU.ActiveCfg = Debug|Any CPU
		{E9E7C846-4130-498B-8D95-C1DA2F9FDA0C}.Debug|Any CPU.Build.0 = Debug|Any CPU
		{E9E7C846-4130-498B-8D95-C1DA2F9FDA0C}.Release|Any CPU.ActiveCfg = Release|Any CPU
		{E9E7C846-4130-498B-8D95-C1DA2F9FDA0C}.Release|Any CPU.Build.0 = Release|Any CPU
		{2DB8E16B-4EAA-45E1-9C99-38BCB95170C3}.Debug|Any CPU.ActiveCfg = Debug|Any CPU
		{2DB8E16B-4EAA-45E1-9C99-38BCB95170C3}.Debug|Any CPU.Build.0 = Debug|Any CPU
		{2DB8E16B-4EAA-45E1-9C99-38BCB95170C3}.Release|Any CPU.ActiveCfg = Release|Any CPU
		{2DB8E16B-4EAA-45E1-9C99-38BCB95170C3}.Release|Any CPU.Build.0 = Release|Any CPU
		{DC7FBD12-2424-46C5-8891-D40CCA1A69A0}.Debug|Any CPU.ActiveCfg = Debug|Any CPU
		{DC7FBD12-2424-46C5-8891-D40CCA1A69A0}.Debug|Any CPU.Build.0 = Debug|Any CPU
		{DC7FBD12-2424-46C5-8891-D40CCA1A69A0}.Release|Any CPU.ActiveCfg = Release|Any CPU
		{DC7FBD12-2424-46C5-8891-D40CCA1A69A0}.Release|Any CPU.Build.0 = Release|Any CPU
	EndGlobalSection
	GlobalSection(SolutionProperties) = preSolution
		HideSolutionNode = FALSE
	EndGlobalSection
	GlobalSection(ExtensibilityGlobals) = postSolution
		SolutionGuid = {5DED48F4-BAFD-4916-8CFD-6F6F380AA1B2}
	EndGlobalSection
EndGlobal
